
Microsoft Visual Studio Solution File, Format Version 12.00
# Visual Studio 15
VisualStudioVersion = 15.0.27130.2010
MinimumVisualStudioVersion = 10.0.40219.1
Project("{FAE04EC0-301F-11D3-BF4B-00C04F79EFBC}") = "HotMeal.API", "HotMeal.API\HotMeal.API.csproj", "{CA767B70-D2BA-40DD-9B84-AE179A823D31}"
EndProject
Global
	GlobalSection(SolutionConfigurationPlatforms) = preSolution
		Debug|Any CPU = Debug|Any CPU
		Release|Any CPU = Release|Any CPU
	EndGlobalSection
	GlobalSection(ProjectConfigurationPlatforms) = postSolution
		{CA767B70-D2BA-40DD-9B84-AE179A823D31}.Debug|Any CPU.ActiveCfg = Debug|Any CPU
		{CA767B70-D2BA-40DD-9B84-AE179A823D31}.Debug|Any CPU.Build.0 = Debug|Any CPU
		{CA767B70-D2BA-40DD-9B84-AE179A823D31}.Release|Any CPU.ActiveCfg = Release|Any CPU
		{CA767B70-D2BA-40DD-9B84-AE179A823D31}.Release|Any CPU.Build.0 = Release|Any CPU
	EndGlobalSection
	GlobalSection(SolutionProperties) = preSolution
		HideSolutionNode = FALSE
	EndGlobalSection
	GlobalSection(ExtensibilityGlobals) = postSolution
		SolutionGuid = {1767D31A-259D-4779-9BD8-DD8E2BA140D2}
	EndGlobalSection
EndGlobal
